
Microsoft Visual Studio Solution File, Format Version 12.00
Project("{FAE04EC0-301F-11D3-BF4B-00C04F79EFBC}") = "ActorsClassLibrary", "ActorsClassLibrary\ActorsClassLibrary.csproj", "{2C3C9E4E-F032-4785-ABB5-23E2D5801E6D}"
EndProject
Project("{FAE04EC0-301F-11D3-BF4B-00C04F79EFBC}") = "ActorsClassLibrary.Tests", "ActorsClassLibrary.Tests\ActorsClassLibrary.Tests.csproj", "{9709FCDD-A7B7-4FAC-BFD3-FF8776E24F2D}"
EndProject
Global
	GlobalSection(SolutionConfigurationPlatforms) = preSolution
		Debug|Any CPU = Debug|Any CPU
		Release|Any CPU = Release|Any CPU
	EndGlobalSection
	GlobalSection(ProjectConfigurationPlatforms) = postSolution
		{2C3C9E4E-F032-4785-ABB5-23E2D5801E6D}.Debug|Any CPU.ActiveCfg = Debug|Any CPU
		{2C3C9E4E-F032-4785-ABB5-23E2D5801E6D}.Debug|Any CPU.Build.0 = Debug|Any CPU
		{2C3C9E4E-F032-4785-ABB5-23E2D5801E6D}.Release|Any CPU.ActiveCfg = Release|Any CPU
		{2C3C9E4E-F032-4785-ABB5-23E2D5801E6D}.Release|Any CPU.Build.0 = Release|Any CPU
		{9709FCDD-A7B7-4FAC-BFD3-FF8776E24F2D}.Debug|Any CPU.ActiveCfg = Debug|Any CPU
		{9709FCDD-A7B7-4FAC-BFD3-FF8776E24F2D}.Debug|Any CPU.Build.0 = Debug|Any CPU
		{9709FCDD-A7B7-4FAC-BFD3-FF8776E24F2D}.Release|Any CPU.ActiveCfg = Release|Any CPU
		{9709FCDD-A7B7-4FAC-BFD3-FF8776E24F2D}.Release|Any CPU.Build.0 = Release|Any CPU
	EndGlobalSection
EndGlobal
